# This file is automatically @generated by Cargo.
# It is not intended for manual editing.
version = 4

[[package]]
name = "agentteam-cli"
version = "0.1.0"
dependencies = [
 "agentteam-contracts",
]

[[package]]
name = "agentteam-comm"
version = "0.1.0"
dependencies = [
 "agentteam-contracts",
]

[[package]]
name = "agentteam-config"
version = "0.1.0"
dependencies = [
 "agentteam-contracts",
]

[[package]]
name = "agentteam-contracts"
version = "0.1.0"

[[package]]
name = "agentteam-debug"
version = "0.1.0"
dependencies = [
 "agentteam-contracts",
]

[[package]]
name = "agentteam-error"
version = "0.1.0"
dependencies = [
 "agentteam-contracts",
]

[[package]]
name = "agentteam-gateway"
version = "0.1.0"
dependencies = [
 "agentteam-contracts",
]

[[package]]
name = "agentteam-persist"
version = "0.1.0"
dependencies = [
 "agentteam-contracts",
]

[[package]]
name = "agentteam-resource"
version = "0.1.0"
dependencies = [
 "agentteam-contracts",
]

[[package]]
name = "agentteam-runtime"
version = "0.1.0"
dependencies = [
 "agentteam-contracts",
]

[[package]]
name = "agentteam-startup"
version = "0.1.0"
dependencies = [
 "agentteam-contracts",
]

[[package]]
name = "agentteam-tanote"
version = "0.1.0"
dependencies = [
 "agentteam-contracts",
]

[[package]]
name = "agentteam-tmux"
version = "0.1.0"
dependencies = [
 "agentteam-contracts",
]

[[package]]
name = "agentteam-tui-adapter"
version = "0.1.0"
dependencies = [
 "agentteam-contracts",
]

[[package]]
name = "agentteamd"
version = "0.1.0"
dependencies = [
 "agentteam-contracts",
]

[[package]]
name = "xtask"
version = "0.1.0"
